lockVersion: 2.0.0
id: 76b4d38c-5441-40d8-8002-c456a3ea1652
management:
  docChecksum: 761ff7b72b6a6546da651525ba52b429
  docVersion: 1.0.0
  speakeasyVersion: 1.209.3
  generationVersion: 2.281.2
  releaseVersion: 0.11.2
  configChecksum: b2e537071b828350ea0bb3801b08e50e
  repoURL: https://github.com/ding-live/ding-csharp.git
  repoSubDirectory: .
  published: true
features:
  csharp:
    core: 3.4.3
    examples: 2.81.3
    flattening: 2.81.1
    globalSecurity: 2.83.3
    globalServerURLs: 2.82.3
generatedFiles:
  - DingSDK/Otp.cs
  - DingSDK/Lookup.cs
  - DingSDK/Ding.cs
  - global.json
  - DingSDK/Utils/BigIntSerializer.cs
  - DingSDK/Utils/DecimalSerializer.cs
  - DingSDK/Utils/EnumSerializer.cs
  - DingSDK/Utils/FlexibleObjectDeserializer.cs
  - DingSDK/Utils/HeaderSerializer.cs
  - DingSDK/Utils/IsoDateTimeSerializer.cs
  - DingSDK/Utils/RequestBodySerializer.cs
  - DingSDK/Utils/SecuritySerializer.cs
  - DingSDK/Utils/SpeakeasyHttpClient.cs
  - DingSDK/Utils/SpeakeasyMetadata.cs
  - DingSDK/Utils/URLBuilder.cs
  - DingSDK/Utils/Utilities.cs
  - DingSDK/DingSDK.csproj
  - DingSDK.sln
  - DingSDK/Models/Requests/CheckResponse.cs
  - DingSDK/Models/Requests/CreateAuthenticationResponse.cs
  - DingSDK/Models/Requests/FeedbackResponse.cs
  - DingSDK/Models/Requests/RetryResponse.cs
  - DingSDK/Models/Requests/LookupRequest.cs
  - DingSDK/Models/Requests/LookupResponse.cs
  - DingSDK/Models/Components/Code.cs
  - DingSDK/Models/Components/ErrorResponse.cs
  - DingSDK/Models/Components/CreateCheckResponseStatus.cs
  - DingSDK/Models/Components/CreateCheckResponse.cs
  - DingSDK/Models/Components/CreateCheckRequest.cs
  - DingSDK/Models/Components/Status.cs
  - DingSDK/Models/Components/CreateAuthenticationResponse.cs
  - DingSDK/Models/Components/DeviceType.cs
  - DingSDK/Models/Components/CreateAuthenticationRequest.cs
  - DingSDK/Models/Components/FeedbackResponse.cs
  - DingSDK/Models/Components/FeedbackRequestStatus.cs
  - DingSDK/Models/Components/FeedbackRequest.cs
  - DingSDK/Models/Components/RetryAuthenticationResponseStatus.cs
  - DingSDK/Models/Components/RetryAuthenticationResponse.cs
  - DingSDK/Models/Components/RetryAuthenticationRequest.cs
  - DingSDK/Models/Components/LineType.cs
  - DingSDK/Models/Components/LookupResponse.cs
  - DingSDK/Models/Components/Security.cs
  - docs/Models/Requests/CheckResponse.md
  - docs/Models/Requests/CreateAuthenticationResponse.md
  - docs/Models/Requests/FeedbackResponse.md
  - docs/Models/Requests/RetryResponse.md
  - docs/Models/Requests/LookupRequest.md
  - docs/Models/Requests/LookupResponse.md
  - docs/Models/Components/Code.md
  - docs/Models/Components/ErrorResponse.md
  - docs/Models/Components/CreateCheckResponseStatus.md
  - docs/Models/Components/CreateCheckResponse.md
  - docs/Models/Components/CreateCheckRequest.md
  - docs/Models/Components/Status.md
  - docs/Models/Components/CreateAuthenticationResponse.md
  - docs/Models/Components/DeviceType.md
  - docs/Models/Components/CreateAuthenticationRequest.md
  - docs/Models/Components/FeedbackResponse.md
  - docs/Models/Components/FeedbackRequestStatus.md
  - docs/Models/Components/FeedbackRequest.md
  - docs/Models/Components/RetryAuthenticationResponseStatus.md
  - docs/Models/Components/RetryAuthenticationResponse.md
  - docs/Models/Components/RetryAuthenticationRequest.md
  - docs/Models/Components/LineType.md
  - docs/Models/Components/LookupResponse.md
  - docs/Models/Components/Security.md
  - docs/sdks/ding/README.md
  - docs/sdks/otp/README.md
  - docs/sdks/lookup/README.md
  - USAGE.md
  - .gitattributes
