lockVersion: 2.0.0
id: 76b4d38c-5441-40d8-8002-c456a3ea1652
management:
  docChecksum: c2a5d8222f4117f238343d6187ef2751
  docVersion: 1.0.0
  speakeasyVersion: 1.376.0
  generationVersion: 2.402.5
  releaseVersion: 0.17.11
  configChecksum: 934e5ec9ef99d796c554dc5b029b836d
  repoURL: https://github.com/ding-live/ding-csharp.git
  repoSubDirectory: .
  published: true
features:
  csharp:
    additionalDependencies: 0.1.0
    core: 3.9.14
    examples: 2.81.3
    flattening: 2.81.2
    globalSecurity: 2.83.6
    globalSecurityCallbacks: 0.1.0
    globalServerURLs: 2.82.3
    intellisenseMarkdownSupport: 0.1.0
    responseFormat: 0.0.4
    sdkHooks: 0.1.0
generatedFiles:
  - DingSDK/Otp.cs
  - DingSDK/Lookup.cs
  - DingSDK/Ding.cs
  - global.json
  - DingSDK.sln
  - DingSDK/Utils/AnyDeserializer.cs
  - DingSDK/Utils/BigIntStrConverter.cs
  - DingSDK/Utils/DecimalStrConverter.cs
  - DingSDK/Utils/EnumConverter.cs
  - DingSDK/Utils/FlexibleObjectDeserializer.cs
  - DingSDK/Utils/HeaderSerializer.cs
  - DingSDK/Utils/IsoDateTimeSerializer.cs
  - DingSDK/Utils/RequestBodySerializer.cs
  - DingSDK/Utils/ResponseBodyDeserializer.cs
  - DingSDK/Utils/Retries/BackoffStrategy.cs
  - DingSDK/Utils/Retries/Retries.cs
  - DingSDK/Utils/Retries/RetryConfig.cs
  - DingSDK/Utils/SecurityMetadata.cs
  - DingSDK/Utils/SpeakeasyHttpClient.cs
  - DingSDK/Utils/SpeakeasyMetadata.cs
  - DingSDK/Utils/URLBuilder.cs
  - DingSDK/Utils/Utilities.cs
  - DingSDK/DingSDK.csproj
  - DingSDK/Models/Errors/SDKException.cs
  - DingSDK/Models/Requests/CheckResponse.cs
  - DingSDK/Models/Requests/CreateAuthenticationResponse.cs
  - DingSDK/Models/Requests/FeedbackResponse.cs
  - DingSDK/Models/Requests/RetryResponse.cs
  - DingSDK/Models/Requests/LookupRequest.cs
  - DingSDK/Models/Requests/LookupResponse.cs
  - DingSDK/Models/Components/CreateCheckResponseStatus.cs
  - DingSDK/Models/Components/CreateCheckResponse.cs
  - DingSDK/Models/Components/CreateCheckRequest.cs
  - DingSDK/Models/Components/Status.cs
  - DingSDK/Models/Components/CreateAuthenticationResponse.cs
  - DingSDK/Models/Components/DeviceType.cs
  - DingSDK/Models/Components/CreateAuthenticationRequest.cs
  - DingSDK/Models/Components/FeedbackResponse.cs
  - DingSDK/Models/Components/FeedbackRequestStatus.cs
  - DingSDK/Models/Components/FeedbackRequest.cs
  - DingSDK/Models/Components/RetryAuthenticationResponseStatus.cs
  - DingSDK/Models/Components/RetryAuthenticationResponse.cs
  - DingSDK/Models/Components/RetryAuthenticationRequest.cs
  - DingSDK/Models/Components/LineType.cs
  - DingSDK/Models/Components/LookupResponse.cs
  - DingSDK/Models/Components/Security.cs
  - DingSDK/Models/Errors/Code.cs
  - DingSDK/Models/Errors/ErrorResponse.cs
  - docs/Models/Requests/CheckResponse.md
  - docs/Models/Requests/CreateAuthenticationResponse.md
  - docs/Models/Requests/FeedbackResponse.md
  - docs/Models/Requests/RetryResponse.md
  - docs/Models/Requests/LookupRequest.md
  - docs/Models/Requests/LookupResponse.md
  - docs/Models/Components/CreateCheckResponseStatus.md
  - docs/Models/Components/CreateCheckResponse.md
  - docs/Models/Components/CreateCheckRequest.md
  - docs/Models/Components/Status.md
  - docs/Models/Components/CreateAuthenticationResponse.md
  - docs/Models/Components/DeviceType.md
  - docs/Models/Components/CreateAuthenticationRequest.md
  - docs/Models/Components/FeedbackResponse.md
  - docs/Models/Components/FeedbackRequestStatus.md
  - docs/Models/Components/FeedbackRequest.md
  - docs/Models/Components/RetryAuthenticationResponseStatus.md
  - docs/Models/Components/RetryAuthenticationResponse.md
  - docs/Models/Components/RetryAuthenticationRequest.md
  - docs/Models/Components/LineType.md
  - docs/Models/Components/LookupResponse.md
  - docs/Models/Components/Security.md
  - docs/Models/Errors/Code.md
  - docs/Models/Errors/ErrorResponse.md
  - docs/sdks/ding/README.md
  - docs/sdks/otp/README.md
  - docs/sdks/lookup/README.md
  - NUGET.md
  - USAGE.md
  - .gitattributes
  - DingSDK/Hooks/SDKHooks.cs
  - DingSDK/Hooks/HookTypes.cs
  - CONTRIBUTING.md
