lockVersion: 2.0.0
id: 76b4d38c-5441-40d8-8002-c456a3ea1652
management:
  docChecksum: 7b0a21df5c4526c3e13357d16d9397df
  docVersion: 1.0.0
  speakeasyVersion: 1.455.3
  generationVersion: 2.479.3
  releaseVersion: 0.19.44
  configChecksum: cd1cb5b16c8f14c3290666c5bff7b095
  repoURL: https://github.com/ding-live/ding-csharp.git
  repoSubDirectory: .
  published: true
features:
  csharp:
    additionalDependencies: 0.1.0
    core: 3.10.7
    examples: 2.81.3
    flattening: 2.81.3
    globalSecurity: 2.83.6
    globalSecurityCallbacks: 0.1.0
    globalServerURLs: 2.82.3
    intellisenseMarkdownSupport: 0.1.0
    methodArguments: 0.1.0
    responseFormat: 0.0.4
    sdkHooks: 0.1.0
    unions: 0.2.2
generatedFiles:
  - .gitattributes
  - CONTRIBUTING.md
  - DingSDK.sln
  - DingSDK/Ding.cs
  - DingSDK/DingSDK.csproj
  - DingSDK/Hooks/HookTypes.cs
  - DingSDK/Hooks/SDKHooks.cs
  - DingSDK/Lookup.cs
  - DingSDK/Models/Components/Attempt.cs
  - DingSDK/Models/Components/AuthenticationStatusResponse.cs
  - DingSDK/Models/Components/AuthenticationStatusResponseDeviceType.cs
  - DingSDK/Models/Components/AuthenticationStatusResponseSchemasEventsType.cs
  - DingSDK/Models/Components/AuthenticationStatusResponseSchemasStatus.cs
  - DingSDK/Models/Components/AuthenticationStatusResponseSchemasType.cs
  - DingSDK/Models/Components/AuthenticationStatusResponseStatus.cs
  - DingSDK/Models/Components/AuthenticationStatusResponseType.cs
  - DingSDK/Models/Components/BalanceUpdate.cs
  - DingSDK/Models/Components/BalanceUpdateType.cs
  - DingSDK/Models/Components/Capability.cs
  - DingSDK/Models/Components/Check.cs
  - DingSDK/Models/Components/CheckStatus.cs
  - DingSDK/Models/Components/CreateAuthenticationRequest.cs
  - DingSDK/Models/Components/CreateAuthenticationResponse.cs
  - DingSDK/Models/Components/CreateCheckRequest.cs
  - DingSDK/Models/Components/CreateCheckResponse.cs
  - DingSDK/Models/Components/DeliveryStatus.cs
  - DingSDK/Models/Components/DeviceType.cs
  - DingSDK/Models/Components/Events.cs
  - DingSDK/Models/Components/FeedbackRequest.cs
  - DingSDK/Models/Components/FeedbackRequestStatus.cs
  - DingSDK/Models/Components/FeedbackResponse.cs
  - DingSDK/Models/Components/LineType.cs
  - DingSDK/Models/Components/LookupResponse.cs
  - DingSDK/Models/Components/RetryAuthenticationRequest.cs
  - DingSDK/Models/Components/RetryAuthenticationResponse.cs
  - DingSDK/Models/Components/RetryAuthenticationResponseStatus.cs
  - DingSDK/Models/Components/Security.cs
  - DingSDK/Models/Components/Signals.cs
  - DingSDK/Models/Components/Status.cs
  - DingSDK/Models/Components/Type.cs
  - DingSDK/Models/Errors/Code.cs
  - DingSDK/Models/Errors/ErrorResponse.cs
  - DingSDK/Models/Errors/SDKException.cs
  - DingSDK/Models/Requests/CheckResponse.cs
  - DingSDK/Models/Requests/CreateAuthenticationResponse.cs
  - DingSDK/Models/Requests/FeedbackResponse.cs
  - DingSDK/Models/Requests/GetAuthenticationStatusRequest.cs
  - DingSDK/Models/Requests/GetAuthenticationStatusResponse.cs
  - DingSDK/Models/Requests/LookupRequest.cs
  - DingSDK/Models/Requests/LookupResponse.cs
  - DingSDK/Models/Requests/RetryResponse.cs
  - DingSDK/Models/Requests/Type.cs
  - DingSDK/Otp.cs
  - DingSDK/Utils/AnyDeserializer.cs
  - DingSDK/Utils/BigIntStrConverter.cs
  - DingSDK/Utils/DecimalStrConverter.cs
  - DingSDK/Utils/EnumConverter.cs
  - DingSDK/Utils/FlexibleObjectDeserializer.cs
  - DingSDK/Utils/HeaderSerializer.cs
  - DingSDK/Utils/IsoDateTimeSerializer.cs
  - DingSDK/Utils/RequestBodySerializer.cs
  - DingSDK/Utils/ResponseBodyDeserializer.cs
  - DingSDK/Utils/Retries/BackoffStrategy.cs
  - DingSDK/Utils/Retries/Retries.cs
  - DingSDK/Utils/Retries/RetryConfig.cs
  - DingSDK/Utils/SecurityMetadata.cs
  - DingSDK/Utils/SpeakeasyHttpClient.cs
  - DingSDK/Utils/SpeakeasyMetadata.cs
  - DingSDK/Utils/URLBuilder.cs
  - DingSDK/Utils/Utilities.cs
  - NUGET.md
  - USAGE.md
  - docs/Models/Components/Attempt.md
  - docs/Models/Components/AuthenticationStatusResponse.md
  - docs/Models/Components/AuthenticationStatusResponseDeviceType.md
  - docs/Models/Components/AuthenticationStatusResponseSchemasEventsType.md
  - docs/Models/Components/AuthenticationStatusResponseSchemasStatus.md
  - docs/Models/Components/AuthenticationStatusResponseSchemasType.md
  - docs/Models/Components/AuthenticationStatusResponseStatus.md
  - docs/Models/Components/AuthenticationStatusResponseType.md
  - docs/Models/Components/BalanceUpdate.md
  - docs/Models/Components/BalanceUpdateType.md
  - docs/Models/Components/Capability.md
  - docs/Models/Components/Check.md
  - docs/Models/Components/CheckStatus.md
  - docs/Models/Components/CreateAuthenticationRequest.md
  - docs/Models/Components/CreateAuthenticationResponse.md
  - docs/Models/Components/CreateCheckRequest.md
  - docs/Models/Components/CreateCheckResponse.md
  - docs/Models/Components/DeliveryStatus.md
  - docs/Models/Components/DeviceType.md
  - docs/Models/Components/Events.md
  - docs/Models/Components/FeedbackRequest.md
  - docs/Models/Components/FeedbackRequestStatus.md
  - docs/Models/Components/FeedbackResponse.md
  - docs/Models/Components/LineType.md
  - docs/Models/Components/LookupResponse.md
  - docs/Models/Components/RetryAuthenticationRequest.md
  - docs/Models/Components/RetryAuthenticationResponse.md
  - docs/Models/Components/RetryAuthenticationResponseStatus.md
  - docs/Models/Components/Security.md
  - docs/Models/Components/Signals.md
  - docs/Models/Components/Status.md
  - docs/Models/Components/Type.md
  - docs/Models/Errors/Code.md
  - docs/Models/Errors/ErrorResponse.md
  - docs/Models/Requests/CheckResponse.md
  - docs/Models/Requests/CreateAuthenticationResponse.md
  - docs/Models/Requests/FeedbackResponse.md
  - docs/Models/Requests/GetAuthenticationStatusRequest.md
  - docs/Models/Requests/GetAuthenticationStatusResponse.md
  - docs/Models/Requests/LookupRequest.md
  - docs/Models/Requests/LookupResponse.md
  - docs/Models/Requests/RetryResponse.md
  - docs/Models/Requests/Type.md
  - docs/sdks/ding/README.md
  - docs/sdks/lookup/README.md
  - docs/sdks/otp/README.md
  - global.json
examples:
  check:
    speakeasy-default-check:
      requestBody:
        application/json: {"authentication_uuid": "eebe792b-2fcc-44a0-87f1-650e79259e02", "check_code": "123456", "customer_uuid": "64f66a7c-4b2c-4131-a8ff-d5b954cca05f"}
      responses:
        "200":
          application/json: {"status": "valid"}
        default:
          application/json: {"code": "invalid_phone_number", "doc_url": "https://docs.prelude.so/api-reference/errors#invalid_phone_number", "message": "+0 is not a valid phone number"}
        "400":
          application/json: {"code": "invalid_phone_number", "doc_url": "https://docs.prelude.so/api-reference/errors#invalid_phone_number", "message": "+0 is not a valid phone number"}
  create-authentication:
    speakeasy-default-create-authentication:
      requestBody:
        application/json: {"customer_uuid": "cf2edc1c-7fc6-48fb-86da-b7508c6b7b71", "locale": "fr-FR", "phone_number": "+1234567890"}
      responses:
        default:
          application/json: {"code": "invalid_phone_number", "doc_url": "https://docs.prelude.so/api-reference/errors#invalid_phone_number", "message": "+0 is not a valid phone number"}
        "200": {}
        "400":
          application/json: {"code": "invalid_phone_number", "doc_url": "https://docs.prelude.so/api-reference/errors#invalid_phone_number", "message": "+0 is not a valid phone number"}
  feedback:
    speakeasy-default-feedback:
      requestBody:
        application/json: {"customer_uuid": "cc0f6c04-40de-448f-8301-3cb0e6565dff", "phone_number": "+1234567890", "status": "onboarded"}
      responses:
        "200":
          application/json: {"uuid": "123e4567-e89b-12d3-a456-4266141740a0"}
        default:
          application/json: {"code": "invalid_phone_number", "doc_url": "https://docs.prelude.so/api-reference/errors#invalid_phone_number", "message": "+0 is not a valid phone number"}
        "400":
          application/json: {"code": "invalid_phone_number", "doc_url": "https://docs.prelude.so/api-reference/errors#invalid_phone_number", "message": "+0 is not a valid phone number"}
  getAuthenticationStatus:
    speakeasy-default-get-authentication-status:
      parameters:
        path:
          auth_uuid: "d8446450-f2fa-4dd9-806b-df5b8c661f23"
      responses:
        "200":
          application/json: {"events": [], "phone_number": "+1234567890"}
        default:
          application/json: {"code": "invalid_phone_number", "doc_url": "https://docs.prelude.so/api-reference/errors#invalid_phone_number", "message": "+0 is not a valid phone number"}
        "400":
          application/json: {"code": "invalid_phone_number", "doc_url": "https://docs.prelude.so/api-reference/errors#invalid_phone_number", "message": "+0 is not a valid phone number"}
  retry:
    speakeasy-default-retry:
      responses:
        "200":
          application/json: {"remaining_retry": 3, "status": "approved"}
        default:
          application/json: {"code": "invalid_phone_number", "doc_url": "https://docs.prelude.so/api-reference/errors#invalid_phone_number", "message": "+0 is not a valid phone number"}
        "400":
          application/json: {"code": "invalid_phone_number", "doc_url": "https://docs.prelude.so/api-reference/errors#invalid_phone_number", "message": "+0 is not a valid phone number"}
  lookup:
    speakeasy-default-lookup:
      parameters:
        path:
          phone_number: "<value>"
        query: {}
        header:
          customer-uuid: "69a197d9-356c-45d1-a807-41874e16b555"
      responses:
        "200":
          application/json: {"carrier": "AT&T", "country_code": "US", "line_type": "Mobile", "mcc": "310", "mnc": "410", "phone_number": "+1234567890"}
        default:
          application/json: {"code": "invalid_phone_number", "doc_url": "https://docs.prelude.so/api-reference/errors#invalid_phone_number", "message": "+0 is not a valid phone number"}
        "400":
          application/json: {"code": "invalid_phone_number", "doc_url": "https://docs.prelude.so/api-reference/errors#invalid_phone_number", "message": "+0 is not a valid phone number"}
generatedTests: {}
