speakeasyVersion: 1.444.3
sources:
    my-source:
        sourceNamespace: my-source
        sourceRevisionDigest: sha256:591e352d97084b2b9e0bb7b1fc7d812bba041582de7370d57acc49788313c955
        sourceBlobDigest: sha256:4d3dd890b21d2c069d944869e00ea2505c58a172c1b06fa3cb7b59c56c21a500
        tags:
            - latest
            - speakeasy-sdk-regen-1732494189
            - 1.0.0
targets:
    DingSDK:
        source: my-source
        sourceNamespace: my-source
        sourceRevisionDigest: sha256:591e352d97084b2b9e0bb7b1fc7d812bba041582de7370d57acc49788313c955
        sourceBlobDigest: sha256:4d3dd890b21d2c069d944869e00ea2505c58a172c1b06fa3cb7b59c56c21a500
        codeSamplesNamespace: my-source-code-samples
        codeSamplesRevisionDigest: sha256:25d7a412c759b7577e2c364cb74790f8b16df2665254779c772db11e2bcceecb
workflow:
    workflowVersion: 1.0.0
    speakeasyVersion: latest
    sources:
        my-source:
            inputs:
                - location: https://raw.githubusercontent.com/ding-live/openapi/main/ding.yaml
            registry:
                location: registry.speakeasyapi.dev/ding/ding/my-source
    targets:
        DingSDK:
            target: csharp
            source: my-source
            publish:
                nuget:
                    apiKey: $NUGET_API_KEY
            codeSamples:
                registry:
                    location: registry.speakeasyapi.dev/ding/ding/my-source-code-samples
                blocking: false
