speakeasyVersion: 1.460.2
sources:
    my-source:
        sourceNamespace: my-source
        sourceRevisionDigest: sha256:06255edfa890ff331d8ad6db09f00b4e5c43a563abb2d4e96b72affe5da4c3a2
        sourceBlobDigest: sha256:1bc8346f862d17395d3ec227c51c74504f59eabaf83eb40c2932c517c8a40bf8
        tags:
            - latest
            - speakeasy-sdk-regen-1735172477
            - 1.0.0
targets:
    DingSDK:
        source: my-source
        sourceNamespace: my-source
        sourceRevisionDigest: sha256:06255edfa890ff331d8ad6db09f00b4e5c43a563abb2d4e96b72affe5da4c3a2
        sourceBlobDigest: sha256:1bc8346f862d17395d3ec227c51c74504f59eabaf83eb40c2932c517c8a40bf8
        codeSamplesNamespace: my-source-csharp-code-samples
        codeSamplesRevisionDigest: sha256:d1030c88144f85355398da788ec2968d670fa1fa163a20944b089611be602183
workflow:
    workflowVersion: 1.0.0
    speakeasyVersion: latest
    sources:
        my-source:
            inputs:
                - location: https://raw.githubusercontent.com/ding-live/openapi/main/ding.yaml
            registry:
                location: registry.speakeasyapi.dev/ding/ding/my-source
    targets:
        DingSDK:
            target: csharp
            source: my-source
            publish:
                nuget:
                    apiKey: $NUGET_API_KEY
            codeSamples:
                registry:
                    location: registry.speakeasyapi.dev/ding/ding/my-source-csharp-code-samples
                blocking: false
